
Microsoft Visual Studio Solution File, Format Version 12.00
# Visual Studio Version 16
VisualStudioVersion = 16.0.29905.134
MinimumVisualStudioVersion = 10.0.40219.1
Project("{FAE04EC0-301F-11D3-BF4B-00C04F79EFBC}") = "WpfApp1", "WpfApp1\WpfApp1.csproj", "{DC281EA6-C503-4EE4-8F7F-C80852113DFF}"
EndProject
Project("{FAE04EC0-301F-11D3-BF4B-00C04F79EFBC}") = "UnitTestProject1", "UnitTestProject1\UnitTestProject1.csproj", "{EBE572C3-573E-444C-B594-274EB73E48C3}"
EndProject
Global
	GlobalSection(SolutionConfigurationPlatforms) = preSolution
		Debug|Any CPU = Debug|Any CPU
		Release|Any CPU = Release|Any CPU
	EndGlobalSection
	GlobalSection(ProjectConfigurationPlatforms) = postSolution
		{DC281EA6-C503-4EE4-8F7F-C80852113DFF}.Debug|Any CPU.ActiveCfg = Debug|Any CPU
		{DC281EA6-C503-4EE4-8F7F-C80852113DFF}.Debug|Any CPU.Build.0 = Debug|Any CPU
		{DC281EA6-C503-4EE4-8F7F-C80852113DFF}.Release|Any CPU.ActiveCfg = Release|Any CPU
		{DC281EA6-C503-4EE4-8F7F-C80852113DFF}.Release|Any CPU.Build.0 = Release|Any CPU
		{EBE572C3-573E-444C-B594-274EB73E48C3}.Debug|Any CPU.ActiveCfg = Debug|Any CPU
		{EBE572C3-573E-444C-B594-274EB73E48C3}.Debug|Any CPU.Build.0 = Debug|Any CPU
		{EBE572C3-573E-444C-B594-274EB73E48C3}.Release|Any CPU.ActiveCfg = Release|Any CPU
		{EBE572C3-573E-444C-B594-274EB73E48C3}.Release|Any CPU.Build.0 = Release|Any CPU
	EndGlobalSection
	GlobalSection(SolutionProperties) = preSolution
		HideSolutionNode = FALSE
	EndGlobalSection
	GlobalSection(ExtensibilityGlobals) = postSolution
		SolutionGuid = {543F6094-34D0-4750-A6A3-BB229640D855}
	EndGlobalSection
EndGlobal
